
Microsoft Visual Studio Solution File, Format Version 12.00
# Visual Studio 2012
Project("{FAE04EC0-301F-11D3-BF4B-00C04F79EFBC}") = "AppNotasFor1_1", "AppNotasFor1_1\AppNotasFor1_1.csproj", "{E8C67CAB-BA65-4EC9-B012-FA4AC3AE956F}"
EndProject
Global
	GlobalSection(SolutionConfigurationPlatforms) = preSolution
		Debug|Any CPU = Debug|Any CPU
		Release|Any CPU = Release|Any CPU
	EndGlobalSection
	GlobalSection(ProjectConfigurationPlatforms) = postSolution
		{E8C67CAB-BA65-4EC9-B012-FA4AC3AE956F}.Debug|Any CPU.ActiveCfg = Debug|Any CPU
		{E8C67CAB-BA65-4EC9-B012-FA4AC3AE956F}.Debug|Any CPU.Build.0 = Debug|Any CPU
		{E8C67CAB-BA65-4EC9-B012-FA4AC3AE956F}.Release|Any CPU.ActiveCfg = Release|Any CPU
		{E8C67CAB-BA65-4EC9-B012-FA4AC3AE956F}.Release|Any CPU.Build.0 = Release|Any CPU
	EndGlobalSection
	GlobalSection(SolutionProperties) = preSolution
		HideSolutionNode = FALSE
	EndGlobalSection
EndGlobal
